
Microsoft Visual Studio Solution File, Format Version 12.00
# Visual Studio Version 17
VisualStudioVersion = 17.14.36121.58
MinimumVisualStudioVersion = 10.0.40219.1
Project("{FAE04EC0-301F-11D3-BF4B-00C04F79EFBC}") = "Motic", "Motic\Motic.csproj", "{D58924F1-B526-4706-99A5-E0D740F319F3}"
EndProject
Project("{FAE04EC0-301F-11D3-BF4B-00C04F79EFBC}") = "MoticWpf", "MoticWpf\MoticWpf.csproj", "{D72B260A-8257-44E7-A203-54F10D8DB69F}"
EndProject
Global
	GlobalSection(SolutionConfigurationPlatforms) = preSolution
		Debug|Any CPU = Debug|Any CPU
		Release|Any CPU = Release|Any CPU
	EndGlobalSection
	GlobalSection(ProjectConfigurationPlatforms) = postSolution
		{D58924F1-B526-4706-99A5-E0D740F319F3}.Debug|Any CPU.ActiveCfg = Debug|Any CPU
		{D58924F1-B526-4706-99A5-E0D740F319F3}.Debug|Any CPU.Build.0 = Debug|Any CPU
		{D58924F1-B526-4706-99A5-E0D740F319F3}.Release|Any CPU.ActiveCfg = Release|Any CPU
		{D58924F1-B526-4706-99A5-E0D740F319F3}.Release|Any CPU.Build.0 = Release|Any CPU
		{D72B260A-8257-44E7-A203-54F10D8DB69F}.Debug|Any CPU.ActiveCfg = Debug|Any CPU
		{D72B260A-8257-44E7-A203-54F10D8DB69F}.Debug|Any CPU.Build.0 = Debug|Any CPU
		{D72B260A-8257-44E7-A203-54F10D8DB69F}.Release|Any CPU.ActiveCfg = Release|Any CPU
		{D72B260A-8257-44E7-A203-54F10D8DB69F}.Release|Any CPU.Build.0 = Release|Any CPU
	EndGlobalSection
	GlobalSection(SolutionProperties) = preSolution
		HideSolutionNode = FALSE
	EndGlobalSection
	GlobalSection(ExtensibilityGlobals) = postSolution
		SolutionGuid = {47D59160-7C8C-4AF0-B696-05B23729A629}
	EndGlobalSection
EndGlobal
